
Microsoft Visual Studio Solution File, Format Version 12.00
# Visual Studio Version 17
VisualStudioVersion = 17.14.36623.8 d17.14
MinimumVisualStudioVersion = 10.0.40219.1
Project("{FAE04EC0-301F-11D3-BF4B-00C04F79EFBC}") = "allergens_extractor", "allergens_extractor.csproj", "{FC522447-6467-4281-A05E-24C0D4065974}"
EndProject
Global
	GlobalSection(SolutionConfigurationPlatforms) = preSolution
		Debug|Any CPU = Debug|Any CPU
		Release|Any CPU = Release|Any CPU
	EndGlobalSection
	GlobalSection(ProjectConfigurationPlatforms) = postSolution
		{FC522447-6467-4281-A05E-24C0D4065974}.Debug|Any CPU.ActiveCfg = Debug|Any CPU
		{FC522447-6467-4281-A05E-24C0D4065974}.Debug|Any CPU.Build.0 = Debug|Any CPU
		{FC522447-6467-4281-A05E-24C0D4065974}.Release|Any CPU.ActiveCfg = Release|Any CPU
		{FC522447-6467-4281-A05E-24C0D4065974}.Release|Any CPU.Build.0 = Release|Any CPU
	EndGlobalSection
	GlobalSection(SolutionProperties) = preSolution
		HideSolutionNode = FALSE
	EndGlobalSection
	GlobalSection(ExtensibilityGlobals) = postSolution
		SolutionGuid = {A21AE856-3A70-45C8-9AAD-05AA51F6F756}
	EndGlobalSection
EndGlobal
